
Microsoft Visual Studio Solution File, Format Version 12.00
# Visual Studio Version 17
VisualStudioVersion = 17.2.32616.157
MinimumVisualStudioVersion = 10.0.40219.1
Project("{2150E333-8FDC-42A3-9474-1A3956D46DE8}") = "Controller", "Controller", "{248DFD76-5E65-4B02-8274-966D07728BA4}"
EndProject
Project("{2150E333-8FDC-42A3-9474-1A3956D46DE8}") = "Service", "Service", "{65974DBA-65A0-4691-A194-F76E55F2EE49}"
EndProject
Project("{9A19103F-16F7-4668-BE54-9A1E7A4F7556}") = "Firebridge.Service", "Firebridge.Service\Firebridge.Service.csproj", "{626FC584-C975-4BB0-8BDF-E19521C56311}"
EndProject
Project("{9A19103F-16F7-4668-BE54-9A1E7A4F7556}") = "Firebridge.Service.Models", "Firebridge.Service.Models\Firebridge.Service.Models.csproj", "{204AE23D-9FD0-454B-BCB2-65E153767551}"
EndProject
Project("{9A19103F-16F7-4668-BE54-9A1E7A4F7556}") = "Firebridge.Service.Tests", "Firebridge.Service.Tests\Firebridge.Service.Tests.csproj", "{F60807CD-0C39-416F-8026-348B57835A8A}"
EndProject
Project("{9A19103F-16F7-4668-BE54-9A1E7A4F7556}") = "Firebridge.Controller.Common", "Firebridge.Controller.Common\Firebridge.Controller.Common.csproj", "{730D24A6-C6C6-4B4E-A89D-347B83601BC8}"
EndProject
Project("{9A19103F-16F7-4668-BE54-9A1E7A4F7556}") = "Firebridge.Controller", "Firebridge.Controller\Firebridge.Controller.csproj", "{D54F43FB-A8DE-473A-9B46-7218979460B6}"
EndProject
Project("{9A19103F-16F7-4668-BE54-9A1E7A4F7556}") = "Firebridge.Controller.Models", "Firebridge.Controller.Models\Firebridge.Controller.Models.csproj", "{FEE19294-0411-4704-95D2-19B98B689E08}"
EndProject
Project("{9A19103F-16F7-4668-BE54-9A1E7A4F7556}") = "Firebridge.Common.Models", "Firebridge.Common.Models\Firebridge.Common.Models.csproj", "{DC81828D-7CAD-40DD-AE37-1598C557BFC8}"
EndProject
Project("{9A19103F-16F7-4668-BE54-9A1E7A4F7556}") = "Firebridge.Agent", "Firebridge.Agent\Firebridge.Agent.csproj", "{8B902CEB-9026-4618-B618-75A4413CA8BE}"
EndProject
Project("{9A19103F-16F7-4668-BE54-9A1E7A4F7556}") = "Firebridge.Common", "Firebridge.Common\Firebridge.Common.csproj", "{1605E2AA-FC0E-46E4-B7CA-B03FD5549255}"
EndProject
Project("{9A19103F-16F7-4668-BE54-9A1E7A4F7556}") = "Firebridge.Common.Tests", "Firebridge.Common.Tests\Firebridge.Common.Tests.csproj", "{98B3783B-637E-4ECD-9674-E07AC4EF88D9}"
EndProject
Project("{2150E333-8FDC-42A3-9474-1A3956D46DE8}") = "Plugins", "Plugins", "{FCC9553B-3EEC-457C-B246-87494904D68A}"
EndProject
Project("{9A19103F-16F7-4668-BE54-9A1E7A4F7556}") = "IdentifyPlugin", "Plugins\IdentifyPlugin\IdentifyPlugin.csproj", "{CA00669B-C42E-4813-8EB0-89EEA232B0F9}"
EndProject
Project("{FAE04EC0-301F-11D3-BF4B-00C04F79EFBC}") = "Firebridge.Agent.Tests", "Firebridge.Agent.Tests\Firebridge.Agent.Tests.csproj", "{7114AD6A-7F9B-49BD-A604-A37F2DA6CB71}"
EndProject
Project("{FAE04EC0-301F-11D3-BF4B-00C04F79EFBC}") = "DebugPlugin", "Plugins\DebugPlugin\DebugPlugin.csproj", "{DB801CFF-2C99-4122-A52B-727083AD563F}"
EndProject
Project("{FAE04EC0-301F-11D3-BF4B-00C04F79EFBC}") = "OverridePlugin", "Plugins\OverridePlugin\OverridePlugin.csproj", "{8E594F9B-C1BB-4E01-A5EA-CE58CC65037C}"
EndProject
Global
	GlobalSection(SolutionConfigurationPlatforms) = preSolution
		Debug|Any CPU = Debug|Any CPU
		Debug|x64 = Debug|x64
		Release|Any CPU = Release|Any CPU
		Release|x64 = Release|x64
	EndGlobalSection
	GlobalSection(ProjectConfigurationPlatforms) = postSolution
		{626FC584-C975-4BB0-8BDF-E19521C56311}.Debug|Any CPU.ActiveCfg = Debug|Any CPU
		{626FC584-C975-4BB0-8BDF-E19521C56311}.Debug|Any CPU.Build.0 = Debug|Any CPU
		{626FC584-C975-4BB0-8BDF-E19521C56311}.Debug|x64.ActiveCfg = Debug|Any CPU
		{626FC584-C975-4BB0-8BDF-E19521C56311}.Debug|x64.Build.0 = Debug|Any CPU
		{626FC584-C975-4BB0-8BDF-E19521C56311}.Release|Any CPU.ActiveCfg = Release|Any CPU
		{626FC584-C975-4BB0-8BDF-E19521C56311}.Release|Any CPU.Build.0 = Release|Any CPU
		{626FC584-C975-4BB0-8BDF-E19521C56311}.Release|x64.ActiveCfg = Release|Any CPU
		{626FC584-C975-4BB0-8BDF-E19521C56311}.Release|x64.Build.0 = Release|Any CPU
		{204AE23D-9FD0-454B-BCB2-65E153767551}.Debug|Any CPU.ActiveCfg = Debug|Any CPU
		{204AE23D-9FD0-454B-BCB2-65E153767551}.Debug|Any CPU.Build.0 = Debug|Any CPU
		{204AE23D-9FD0-454B-BCB2-65E153767551}.Debug|x64.ActiveCfg = Debug|Any CPU
		{204AE23D-9FD0-454B-BCB2-65E153767551}.Debug|x64.Build.0 = Debug|Any CPU
		{204AE23D-9FD0-454B-BCB2-65E153767551}.Release|Any CPU.ActiveCfg = Release|Any CPU
		{204AE23D-9FD0-454B-BCB2-65E153767551}.Release|Any CPU.Build.0 = Release|Any CPU
		{204AE23D-9FD0-454B-BCB2-65E153767551}.Release|x64.ActiveCfg = Release|Any CPU
		{204AE23D-9FD0-454B-BCB2-65E153767551}.Release|x64.Build.0 = Release|Any CPU
		{F60807CD-0C39-416F-8026-348B57835A8A}.Debug|Any CPU.ActiveCfg = Debug|Any CPU
		{F60807CD-0C39-416F-8026-348B57835A8A}.Debug|Any CPU.Build.0 = Debug|Any CPU
		{F60807CD-0C39-416F-8026-348B57835A8A}.Debug|x64.ActiveCfg = Debug|Any CPU
		{F60807CD-0C39-416F-8026-348B57835A8A}.Debug|x64.Build.0 = Debug|Any CPU
		{F60807CD-0C39-416F-8026-348B57835A8A}.Release|Any CPU.ActiveCfg = Release|Any CPU
		{F60807CD-0C39-416F-8026-348B57835A8A}.Release|Any CPU.Build.0 = Release|Any CPU
		{F60807CD-0C39-416F-8026-348B57835A8A}.Release|x64.ActiveCfg = Release|Any CPU
		{F60807CD-0C39-416F-8026-348B57835A8A}.Release|x64.Build.0 = Release|Any CPU
		{730D24A6-C6C6-4B4E-A89D-347B83601BC8}.Debug|Any CPU.ActiveCfg = Debug|Any CPU
		{730D24A6-C6C6-4B4E-A89D-347B83601BC8}.Debug|Any CPU.Build.0 = Debug|Any CPU
		{730D24A6-C6C6-4B4E-A89D-347B83601BC8}.Debug|x64.ActiveCfg = Debug|Any CPU
		{730D24A6-C6C6-4B4E-A89D-347B83601BC8}.Debug|x64.Build.0 = Debug|Any CPU
		{730D24A6-C6C6-4B4E-A89D-347B83601BC8}.Release|Any CPU.ActiveCfg = Release|Any CPU
		{730D24A6-C6C6-4B4E-A89D-347B83601BC8}.Release|Any CPU.Build.0 = Release|Any CPU
		{730D24A6-C6C6-4B4E-A89D-347B83601BC8}.Release|x64.ActiveCfg = Release|Any CPU
		{730D24A6-C6C6-4B4E-A89D-347B83601BC8}.Release|x64.Build.0 = Release|Any CPU
		{D54F43FB-A8DE-473A-9B46-7218979460B6}.Debug|Any CPU.ActiveCfg = Debug|Any CPU
		{D54F43FB-A8DE-473A-9B46-7218979460B6}.Debug|Any CPU.Build.0 = Debug|Any CPU
		{D54F43FB-A8DE-473A-9B46-7218979460B6}.Debug|Any CPU.Deploy.0 = Debug|Any CPU
		{D54F43FB-A8DE-473A-9B46-7218979460B6}.Debug|x64.ActiveCfg = Debug|x64
		{D54F43FB-A8DE-473A-9B46-7218979460B6}.Debug|x64.Build.0 = Debug|x64
		{D54F43FB-A8DE-473A-9B46-7218979460B6}.Release|Any CPU.ActiveCfg = Release|Any CPU
		{D54F43FB-A8DE-473A-9B46-7218979460B6}.Release|Any CPU.Build.0 = Release|Any CPU
		{D54F43FB-A8DE-473A-9B46-7218979460B6}.Release|Any CPU.Deploy.0 = Release|Any CPU
		{D54F43FB-A8DE-473A-9B46-7218979460B6}.Release|x64.ActiveCfg = Release|x64
		{D54F43FB-A8DE-473A-9B46-7218979460B6}.Release|x64.Build.0 = Release|x64
		{FEE19294-0411-4704-95D2-19B98B689E08}.Debug|Any CPU.ActiveCfg = Debug|Any CPU
		{FEE19294-0411-4704-95D2-19B98B689E08}.Debug|Any CPU.Build.0 = Debug|Any CPU
		{FEE19294-0411-4704-95D2-19B98B689E08}.Debug|x64.ActiveCfg = Debug|Any CPU
		{FEE19294-0411-4704-95D2-19B98B689E08}.Debug|x64.Build.0 = Debug|Any CPU
		{FEE19294-0411-4704-95D2-19B98B689E08}.Release|Any CPU.ActiveCfg = Release|Any CPU
		{FEE19294-0411-4704-95D2-19B98B689E08}.Release|Any CPU.Build.0 = Release|Any CPU
		{FEE19294-0411-4704-95D2-19B98B689E08}.Release|x64.ActiveCfg = Release|Any CPU
		{FEE19294-0411-4704-95D2-19B98B689E08}.Release|x64.Build.0 = Release|Any CPU
		{DC81828D-7CAD-40DD-AE37-1598C557BFC8}.Debug|Any CPU.ActiveCfg = Debug|Any CPU
		{DC81828D-7CAD-40DD-AE37-1598C557BFC8}.Debug|Any CPU.Build.0 = Debug|Any CPU
		{DC81828D-7CAD-40DD-AE37-1598C557BFC8}.Debug|x64.ActiveCfg = Debug|Any CPU
		{DC81828D-7CAD-40DD-AE37-1598C557BFC8}.Debug|x64.Build.0 = Debug|Any CPU
		{DC81828D-7CAD-40DD-AE37-1598C557BFC8}.Release|Any CPU.ActiveCfg = Release|Any CPU
		{DC81828D-7CAD-40DD-AE37-1598C557BFC8}.Release|Any CPU.Build.0 = Release|Any CPU
		{DC81828D-7CAD-40DD-AE37-1598C557BFC8}.Release|x64.ActiveCfg = Release|Any CPU
		{DC81828D-7CAD-40DD-AE37-1598C557BFC8}.Release|x64.Build.0 = Release|Any CPU
		{8B902CEB-9026-4618-B618-75A4413CA8BE}.Debug|Any CPU.ActiveCfg = Debug|Any CPU
		{8B902CEB-9026-4618-B618-75A4413CA8BE}.Debug|Any CPU.Build.0 = Debug|Any CPU
		{8B902CEB-9026-4618-B618-75A4413CA8BE}.Debug|x64.ActiveCfg = Debug|Any CPU
		{8B902CEB-9026-4618-B618-75A4413CA8BE}.Debug|x64.Build.0 = Debug|Any CPU
		{8B902CEB-9026-4618-B618-75A4413CA8BE}.Release|Any CPU.ActiveCfg = Release|Any CPU
		{8B902CEB-9026-4618-B618-75A4413CA8BE}.Release|Any CPU.Build.0 = Release|Any CPU
		{8B902CEB-9026-4618-B618-75A4413CA8BE}.Release|x64.ActiveCfg = Release|Any CPU
		{8B902CEB-9026-4618-B618-75A4413CA8BE}.Release|x64.Build.0 = Release|Any CPU
		{1605E2AA-FC0E-46E4-B7CA-B03FD5549255}.Debug|Any CPU.ActiveCfg = Debug|Any CPU
		{1605E2AA-FC0E-46E4-B7CA-B03FD5549255}.Debug|Any CPU.Build.0 = Debug|Any CPU
		{1605E2AA-FC0E-46E4-B7CA-B03FD5549255}.Debug|x64.ActiveCfg = Debug|Any CPU
		{1605E2AA-FC0E-46E4-B7CA-B03FD5549255}.Debug|x64.Build.0 = Debug|Any CPU
		{1605E2AA-FC0E-46E4-B7CA-B03FD5549255}.Release|Any CPU.ActiveCfg = Release|Any CPU
		{1605E2AA-FC0E-46E4-B7CA-B03FD5549255}.Release|Any CPU.Build.0 = Release|Any CPU
		{1605E2AA-FC0E-46E4-B7CA-B03FD5549255}.Release|x64.ActiveCfg = Release|Any CPU
		{1605E2AA-FC0E-46E4-B7CA-B03FD5549255}.Release|x64.Build.0 = Release|Any CPU
		{98B3783B-637E-4ECD-9674-E07AC4EF88D9}.Debug|Any CPU.ActiveCfg = Debug|Any CPU
		{98B3783B-637E-4ECD-9674-E07AC4EF88D9}.Debug|Any CPU.Build.0 = Debug|Any CPU
		{98B3783B-637E-4ECD-9674-E07AC4EF88D9}.Debug|x64.ActiveCfg = Debug|Any CPU
		{98B3783B-637E-4ECD-9674-E07AC4EF88D9}.Debug|x64.Build.0 = Debug|Any CPU
		{98B3783B-637E-4ECD-9674-E07AC4EF88D9}.Release|Any CPU.ActiveCfg = Release|Any CPU
		{98B3783B-637E-4ECD-9674-E07AC4EF88D9}.Release|Any CPU.Build.0 = Release|Any CPU
		{98B3783B-637E-4ECD-9674-E07AC4EF88D9}.Release|x64.ActiveCfg = Release|Any CPU
		{98B3783B-637E-4ECD-9674-E07AC4EF88D9}.Release|x64.Build.0 = Release|Any CPU
		{CA00669B-C42E-4813-8EB0-89EEA232B0F9}.Debug|Any CPU.ActiveCfg = Debug|Any CPU
		{CA00669B-C42E-4813-8EB0-89EEA232B0F9}.Debug|Any CPU.Build.0 = Debug|Any CPU
		{CA00669B-C42E-4813-8EB0-89EEA232B0F9}.Debug|x64.ActiveCfg = Debug|Any CPU
		{CA00669B-C42E-4813-8EB0-89EEA232B0F9}.Debug|x64.Build.0 = Debug|Any CPU
		{CA00669B-C42E-4813-8EB0-89EEA232B0F9}.Release|Any CPU.ActiveCfg = Release|Any CPU
		{CA00669B-C42E-4813-8EB0-89EEA232B0F9}.Release|Any CPU.Build.0 = Release|Any CPU
		{CA00669B-C42E-4813-8EB0-89EEA232B0F9}.Release|x64.ActiveCfg = Release|Any CPU
		{CA00669B-C42E-4813-8EB0-89EEA232B0F9}.Release|x64.Build.0 = Release|Any CPU
		{7114AD6A-7F9B-49BD-A604-A37F2DA6CB71}.Debug|Any CPU.ActiveCfg = Debug|Any CPU
		{7114AD6A-7F9B-49BD-A604-A37F2DA6CB71}.Debug|Any CPU.Build.0 = Debug|Any CPU
		{7114AD6A-7F9B-49BD-A604-A37F2DA6CB71}.Debug|x64.ActiveCfg = Debug|Any CPU
		{7114AD6A-7F9B-49BD-A604-A37F2DA6CB71}.Debug|x64.Build.0 = Debug|Any CPU
		{7114AD6A-7F9B-49BD-A604-A37F2DA6CB71}.Release|Any CPU.ActiveCfg = Release|Any CPU
		{7114AD6A-7F9B-49BD-A604-A37F2DA6CB71}.Release|Any CPU.Build.0 = Release|Any CPU
		{7114AD6A-7F9B-49BD-A604-A37F2DA6CB71}.Release|x64.ActiveCfg = Release|Any CPU
		{7114AD6A-7F9B-49BD-A604-A37F2DA6CB71}.Release|x64.Build.0 = Release|Any CPU
		{DB801CFF-2C99-4122-A52B-727083AD563F}.Debug|Any CPU.ActiveCfg = Debug|Any CPU
		{DB801CFF-2C99-4122-A52B-727083AD563F}.Debug|Any CPU.Build.0 = Debug|Any CPU
		{DB801CFF-2C99-4122-A52B-727083AD563F}.Debug|x64.ActiveCfg = Debug|Any CPU
		{DB801CFF-2C99-4122-A52B-727083AD563F}.Debug|x64.Build.0 = Debug|Any CPU
		{DB801CFF-2C99-4122-A52B-727083AD563F}.Release|Any CPU.ActiveCfg = Release|Any CPU
		{DB801CFF-2C99-4122-A52B-727083AD563F}.Release|Any CPU.Build.0 = Release|Any CPU
		{DB801CFF-2C99-4122-A52B-727083AD563F}.Release|x64.ActiveCfg = Release|Any CPU
		{DB801CFF-2C99-4122-A52B-727083AD563F}.Release|x64.Build.0 = Release|Any CPU
		{8E594F9B-C1BB-4E01-A5EA-CE58CC65037C}.Debug|Any CPU.ActiveCfg = Debug|Any CPU
		{8E594F9B-C1BB-4E01-A5EA-CE58CC65037C}.Debug|Any CPU.Build.0 = Debug|Any CPU
		{8E594F9B-C1BB-4E01-A5EA-CE58CC65037C}.Debug|x64.ActiveCfg = Debug|Any CPU
		{8E594F9B-C1BB-4E01-A5EA-CE58CC65037C}.Debug|x64.Build.0 = Debug|Any CPU
		{8E594F9B-C1BB-4E01-A5EA-CE58CC65037C}.Release|Any CPU.ActiveCfg = Release|Any CPU
		{8E594F9B-C1BB-4E01-A5EA-CE58CC65037C}.Release|Any CPU.Build.0 = Release|Any CPU
		{8E594F9B-C1BB-4E01-A5EA-CE58CC65037C}.Release|x64.ActiveCfg = Release|Any CPU
		{8E594F9B-C1BB-4E01-A5EA-CE58CC65037C}.Release|x64.Build.0 = Release|Any CPU
	EndGlobalSection
	GlobalSection(SolutionProperties) = preSolution
		HideSolutionNode = FALSE
	EndGlobalSection
	GlobalSection(NestedProjects) = preSolution
		{626FC584-C975-4BB0-8BDF-E19521C56311} = {65974DBA-65A0-4691-A194-F76E55F2EE49}
		{204AE23D-9FD0-454B-BCB2-65E153767551} = {65974DBA-65A0-4691-A194-F76E55F2EE49}
		{F60807CD-0C39-416F-8026-348B57835A8A} = {65974DBA-65A0-4691-A194-F76E55F2EE49}
		{730D24A6-C6C6-4B4E-A89D-347B83601BC8} = {248DFD76-5E65-4B02-8274-966D07728BA4}
		{D54F43FB-A8DE-473A-9B46-7218979460B6} = {248DFD76-5E65-4B02-8274-966D07728BA4}
		{FEE19294-0411-4704-95D2-19B98B689E08} = {248DFD76-5E65-4B02-8274-966D07728BA4}
		{FCC9553B-3EEC-457C-B246-87494904D68A} = {248DFD76-5E65-4B02-8274-966D07728BA4}
		{CA00669B-C42E-4813-8EB0-89EEA232B0F9} = {FCC9553B-3EEC-457C-B246-87494904D68A}
		{DB801CFF-2C99-4122-A52B-727083AD563F} = {FCC9553B-3EEC-457C-B246-87494904D68A}
		{8E594F9B-C1BB-4E01-A5EA-CE58CC65037C} = {FCC9553B-3EEC-457C-B246-87494904D68A}
	EndGlobalSection
	GlobalSection(ExtensibilityGlobals) = postSolution
		SolutionGuid = {6D0BF095-ADAE-4EFF-85B0-BFBE07AB7634}
	EndGlobalSection
EndGlobal
