
Microsoft Visual Studio Solution File, Format Version 12.00
# Visual Studio Version 16
VisualStudioVersion = 16.0.29209.62
MinimumVisualStudioVersion = 10.0.40219.1
Project("{FAE04EC0-301F-11D3-BF4B-00C04F79EFBC}") = "FirebridgeClient", "FirebridgeClient\FirebridgeClient.csproj", "{C8187039-4FFA-461E-8049-8DA28EC626DF}"
EndProject
Project("{FAE04EC0-301F-11D3-BF4B-00C04F79EFBC}") = "FireBridgeTestAPP", "FireBridgeTestAPP\FireBridgeTestAPP.csproj", "{63FF04F1-6279-452F-A5D0-326E6D903BCE}"
EndProject
Project("{9A19103F-16F7-4668-BE54-9A1E7A4F7556}") = "FirebridgeShared", "FirebridgeShared\FirebridgeShared.csproj", "{24C21BB3-3157-40A5-9457-254BB9C1B535}"
EndProject
Project("{FAE04EC0-301F-11D3-BF4B-00C04F79EFBC}") = "FireBridgeZombie", "FireBridgeZombie\FireBridgeZombie.csproj", "{9EDBB417-F31F-4627-84C5-DAA27255971E}"
EndProject
Project("{FAE04EC0-301F-11D3-BF4B-00C04F79EFBC}") = "FireBridgeWatchDog", "FireBridgeWatchDog\FireBridgeWatchDog.csproj", "{D054FB0B-8393-45ED-A360-552473F3DEBB}"
EndProject
Global
	GlobalSection(SolutionConfigurationPlatforms) = preSolution
		Debug|Any CPU = Debug|Any CPU
		Release|Any CPU = Release|Any CPU
	EndGlobalSection
	GlobalSection(ProjectConfigurationPlatforms) = postSolution
		{C8187039-4FFA-461E-8049-8DA28EC626DF}.Debug|Any CPU.ActiveCfg = Debug|Any CPU
		{C8187039-4FFA-461E-8049-8DA28EC626DF}.Debug|Any CPU.Build.0 = Debug|Any CPU
		{C8187039-4FFA-461E-8049-8DA28EC626DF}.Release|Any CPU.ActiveCfg = Release|Any CPU
		{C8187039-4FFA-461E-8049-8DA28EC626DF}.Release|Any CPU.Build.0 = Release|Any CPU
		{63FF04F1-6279-452F-A5D0-326E6D903BCE}.Debug|Any CPU.ActiveCfg = Debug|Any CPU
		{63FF04F1-6279-452F-A5D0-326E6D903BCE}.Debug|Any CPU.Build.0 = Debug|Any CPU
		{63FF04F1-6279-452F-A5D0-326E6D903BCE}.Release|Any CPU.ActiveCfg = Release|Any CPU
		{63FF04F1-6279-452F-A5D0-326E6D903BCE}.Release|Any CPU.Build.0 = Release|Any CPU
		{24C21BB3-3157-40A5-9457-254BB9C1B535}.Debug|Any CPU.ActiveCfg = Debug|Any CPU
		{24C21BB3-3157-40A5-9457-254BB9C1B535}.Debug|Any CPU.Build.0 = Debug|Any CPU
		{24C21BB3-3157-40A5-9457-254BB9C1B535}.Release|Any CPU.ActiveCfg = Release|Any CPU
		{24C21BB3-3157-40A5-9457-254BB9C1B535}.Release|Any CPU.Build.0 = Release|Any CPU
		{9EDBB417-F31F-4627-84C5-DAA27255971E}.Debug|Any CPU.ActiveCfg = Debug|Any CPU
		{9EDBB417-F31F-4627-84C5-DAA27255971E}.Debug|Any CPU.Build.0 = Debug|Any CPU
		{9EDBB417-F31F-4627-84C5-DAA27255971E}.Release|Any CPU.ActiveCfg = Release|Any CPU
		{9EDBB417-F31F-4627-84C5-DAA27255971E}.Release|Any CPU.Build.0 = Release|Any CPU
		{D054FB0B-8393-45ED-A360-552473F3DEBB}.Debug|Any CPU.ActiveCfg = Debug|Any CPU
		{D054FB0B-8393-45ED-A360-552473F3DEBB}.Debug|Any CPU.Build.0 = Debug|Any CPU
		{D054FB0B-8393-45ED-A360-552473F3DEBB}.Release|Any CPU.ActiveCfg = Release|Any CPU
		{D054FB0B-8393-45ED-A360-552473F3DEBB}.Release|Any CPU.Build.0 = Release|Any CPU
	EndGlobalSection
	GlobalSection(SolutionProperties) = preSolution
		HideSolutionNode = FALSE
	EndGlobalSection
	GlobalSection(ExtensibilityGlobals) = postSolution
		SolutionGuid = {6D0BF095-ADAE-4EFF-85B0-BFBE07AB7634}
	EndGlobalSection
EndGlobal
